# This file is automatically @generated by Cargo.
# It is not intended for manual editing.
version = 3

[[package]]
name = "qubes-castable"
version = "0.1.0"

[[package]]
name = "qubes-gui"
version = "0.1.0"
dependencies = [
 "qubes-castable",
]

[[package]]
name = "qubes-gui-agent-proto"
version = "0.1.0"
dependencies = [
 "qubes-castable",
 "qubes-gui",
]

[[package]]
name = "qubes-gui-connection"
version = "0.1.0"
dependencies = [
 "qubes-castable",
 "qubes-gui",
 "vchan",
]

[[package]]
name = "qubes-gui-rust-parts"
version = "0.0.1"
dependencies = [
 "qubes-castable",
 "qubes-gui",
 "qubes-gui-agent-proto",
 "qubes-gui-connection",
]

[[package]]
name = "vchan"
version = "0.1.0"
dependencies = [
 "qubes-castable",
 "vchan-sys",
]

[[package]]
name = "vchan-sys"
version = "0.1.0"
